{
  "nodes": {
    "nixpkgs": {
      "locked": {
        "lastModified": 0,
        "narHash": "sha256-1wuQ7QgPQ3tugYcoVMJ3pUzl4wVdBzKZr9qtJAgA4VI=",
        "path": "/nix/store/v27267hxb04bzhijmmffsfz0ccb49sx0-source",
        "type": "path"
      },
      "original": {
        "id": "nixpkgs",
        "type": "indirect"
      }
    },
    "root": {
      "inputs": {
        "nixpkgs": "nixpkgs"
      }
    }
  },
  "root": "root",
  "version": 7
}
